
Microsoft Visual Studio Solution File, Format Version 12.00
# Visual Studio Version 16
VisualStudioVersion = 16.0.29201.188
MinimumVisualStudioVersion = 10.0.40219.1
Project("{FAE04EC0-301F-11D3-BF4B-00C04F79EFBC}") = "Server", "Server\Server.csproj", "{122C9176-6B9D-40D9-B411-9AD49EC034F0}"
EndProject
Global
	GlobalSection(SolutionConfigurationPlatforms) = preSolution
		Debug|Any CPU = Debug|Any CPU
		Release|Any CPU = Release|Any CPU
	EndGlobalSection
	GlobalSection(ProjectConfigurationPlatforms) = postSolution
		{122C9176-6B9D-40D9-B411-9AD49EC034F0}.Debug|Any CPU.ActiveCfg = Debug|Any CPU
		{122C9176-6B9D-40D9-B411-9AD49EC034F0}.Debug|Any CPU.Build.0 = Debug|Any CPU
		{122C9176-6B9D-40D9-B411-9AD49EC034F0}.Release|Any CPU.ActiveCfg = Release|Any CPU
		{122C9176-6B9D-40D9-B411-9AD49EC034F0}.Release|Any CPU.Build.0 = Release|Any CPU
	EndGlobalSection
	GlobalSection(SolutionProperties) = preSolution
		HideSolutionNode = FALSE
	EndGlobalSection
	GlobalSection(ExtensibilityGlobals) = postSolution
		SolutionGuid = {C694959A-1B53-40D5-BC78-FFC8279C1B3D}
	EndGlobalSection
EndGlobal
